<?xml version="1.0" encoding="utf-8"?>
<Project ToolsVersion="4.0" xmlns="http://schemas.microsoft.com/developer/msbuild/2003">
  <ItemGroup>
    <Filter Include="Source Files">
      <UniqueIdentifier>{4FC737F1-C7A5-4376-A066-2A32D752A2FF}</UniqueIdentifier>
      <Extensions>cpp;c;cc;cxx;def;odl;idl;hpj;bat;asm;asmx</Extensions>
    </Filter>
    <Filter Include="Header Files">
      <UniqueIdentifier>{93995380-89BD-4b04-88EB-625FBE52EBFB}</UniqueIdentifier>
      <Extensions>h;hpp;hxx;hm;inl;inc;xsd</Extensions>
    </Filter>
    <Filter Include="Resource Files">
      <UniqueIdentifier>{67DA6AB6-F800-4c08-8B7A-83BB121AAD01}</UniqueIdentifier>
      <Extensions>rc;ico;cur;bmp;dlg;rc2;rct;bin;rgs;gif;jpg;jpeg;jpe;resx;tiff;tif;png;wav;mfcribbon-ms</Extensions>
    </Filter>
    <Filter Include="Source Files\ObjetosCompuestos">
      <UniqueIdentifier>{c8424e3e-ae29-4c21-abfb-611a0e3d9b2f}</UniqueIdentifier>
    </Filter>
    <Filter Include="Header Files\ObjetosCompuestos">
      <UniqueIdentifier>{edf96e04-38d1-48a8-8726-6e74b196c0d2}</UniqueIdentifier>
    </Filter>
    <Filter Include="Source Files\ObjetosCuádricos">
      <UniqueIdentifier>{aeb3e696-eda9-4870-bf9e-3d163726f904}</UniqueIdentifier>
    </Filter>
    <Filter Include="Header Files\ObjetosCuádricos">
      <UniqueIdentifier>{fe652e1f-cda6-4f61-8b51-491faaba3842}</UniqueIdentifier>
    </Filter>
  </ItemGroup>
  <ItemGroup>
    <ClCompile Include="main.cpp">
      <Filter>Source Files</Filter>
    </ClCompile>
    <ClCompile Include="PuntoVector3D.cpp">
      <Filter>Source Files</Filter>
    </ClCompile>
    <ClCompile Include="ObjetoCompuesto.cpp">
      <Filter>Source Files</Filter>
    </ClCompile>
    <ClCompile Include="ObjetoCuadrico.cpp">
      <Filter>Source Files</Filter>
    </ClCompile>
    <ClCompile Include="Arbol.cpp">
      <Filter>Source Files\ObjetosCompuestos</Filter>
    </ClCompile>
    <ClCompile Include="Coche.cpp">
      <Filter>Source Files\ObjetosCompuestos</Filter>
    </ClCompile>
    <ClCompile Include="Escena.cpp">
      <Filter>Source Files\ObjetosCompuestos</Filter>
    </ClCompile>
    <ClCompile Include="Cube.cpp">
      <Filter>Source Files\ObjetosCuádricos</Filter>
    </ClCompile>
    <ClCompile Include="Cylinder.cpp">
      <Filter>Source Files\ObjetosCuádricos</Filter>
    </ClCompile>
    <ClCompile Include="Malla.cpp">
      <Filter>Source Files</Filter>
    </ClCompile>
    <ClCompile Include="Disk.cpp">
      <Filter>Source Files\ObjetosCuádricos</Filter>
    </ClCompile>
    <ClCompile Include="Sphere.cpp">
      <Filter>Source Files\ObjetosCuádricos</Filter>
    </ClCompile>
    <ClCompile Include="ParcialDisk.cpp">
      <Filter>Source Files\ObjetosCuádricos</Filter>
    </ClCompile>
    <ClCompile Include="Rueda.cpp">
      <Filter>Source Files\ObjetosCompuestos</Filter>
    </ClCompile>
    <ClCompile Include="CopaDoble.cpp">
      <Filter>Source Files</Filter>
    </ClCompile>
    <ClCompile Include="TAfin.cpp">
      <Filter>Source Files</Filter>
    </ClCompile>
  </ItemGroup>
  <ItemGroup>
    <ClInclude Include="PuntoVector3D.h">
      <Filter>Header Files</Filter>
    </ClInclude>
    <ClInclude Include="Objeto3D.h">
      <Filter>Header Files</Filter>
    </ClInclude>
    <ClInclude Include="ObjetoCompuesto.h">
      <Filter>Header Files</Filter>
    </ClInclude>
    <ClInclude Include="ObjetoCuadrico.h">
      <Filter>Header Files</Filter>
    </ClInclude>
    <ClInclude Include="Arbol.h">
      <Filter>Header Files\ObjetosCompuestos</Filter>
    </ClInclude>
    <ClInclude Include="Coche.h">
      <Filter>Header Files\ObjetosCompuestos</Filter>
    </ClInclude>
    <ClInclude Include="Escena.h">
      <Filter>Header Files\ObjetosCompuestos</Filter>
    </ClInclude>
    <ClInclude Include="Cube.h">
      <Filter>Header Files\ObjetosCuádricos</Filter>
    </ClInclude>
    <ClInclude Include="Cylinder.h">
      <Filter>Header Files\ObjetosCuádricos</Filter>
    </ClInclude>
    <ClInclude Include="Malla.h">
      <Filter>Header Files</Filter>
    </ClInclude>
    <ClInclude Include="Disk.h">
      <Filter>Header Files\ObjetosCuádricos</Filter>
    </ClInclude>
    <ClInclude Include="Sphere.h">
      <Filter>Header Files\ObjetosCuádricos</Filter>
    </ClInclude>
    <ClInclude Include="ParcialDisk.h">
      <Filter>Header Files\ObjetosCuádricos</Filter>
    </ClInclude>
    <ClInclude Include="Rueda.h">
      <Filter>Header Files\ObjetosCompuestos</Filter>
    </ClInclude>
    <ClInclude Include="CopaDoble.h">
      <Filter>Header Files</Filter>
    </ClInclude>
    <ClInclude Include="TAfin.h">
      <Filter>Header Files</Filter>
    </ClInclude>
  </ItemGroup>
</Project>